
Microsoft Visual Studio Solution File, Format Version 12.00
# Visual Studio Version 17
VisualStudioVersion = 17.14.36811.4 d17.14
MinimumVisualStudioVersion = 10.0.40219.1
Project("{FAE04EC0-301F-11D3-BF4B-00C04F79EFBC}") = "BulkyBookWeb", "BulkyBookWeb\BulkyBookWeb.csproj", "{807D4BA3-CAD3-4C45-A49C-5242D2A18171}"
EndProject
Global
	GlobalSection(SolutionConfigurationPlatforms) = preSolution
		Debug|Any CPU = Debug|Any CPU
		Release|Any CPU = Release|Any CPU
	EndGlobalSection
	GlobalSection(ProjectConfigurationPlatforms) = postSolution
		{807D4BA3-CAD3-4C45-A49C-5242D2A18171}.Debug|Any CPU.ActiveCfg = Debug|Any CPU
		{807D4BA3-CAD3-4C45-A49C-5242D2A18171}.Debug|Any CPU.Build.0 = Debug|Any CPU
		{807D4BA3-CAD3-4C45-A49C-5242D2A18171}.Release|Any CPU.ActiveCfg = Release|Any CPU
		{807D4BA3-CAD3-4C45-A49C-5242D2A18171}.Release|Any CPU.Build.0 = Release|Any CPU
	EndGlobalSection
	GlobalSection(SolutionProperties) = preSolution
		HideSolutionNode = FALSE
	EndGlobalSection
	GlobalSection(ExtensibilityGlobals) = postSolution
		SolutionGuid = {54C69730-FA25-4F50-AC9D-4C0C4BEA7F88}
	EndGlobalSection
EndGlobal
